
Microsoft Visual Studio Solution File, Format Version 12.00
# Visual Studio Version 16
VisualStudioVersion = 16.0.30804.86
MinimumVisualStudioVersion = 10.0.40219.1
Project("{FAE04EC0-301F-11D3-BF4B-00C04F79EFBC}") = "SecretSantaTelegramBot", "SecretSantaTelegramBot\SecretSantaTelegramBot.csproj", "{673A68E6-469F-40D7-9071-D0FD10738A3A}"
EndProject
Global
	GlobalSection(SolutionConfigurationPlatforms) = preSolution
		Debug|Any CPU = Debug|Any CPU
		Release|Any CPU = Release|Any CPU
	EndGlobalSection
	GlobalSection(ProjectConfigurationPlatforms) = postSolution
		{673A68E6-469F-40D7-9071-D0FD10738A3A}.Debug|Any CPU.ActiveCfg = Debug|Any CPU
		{673A68E6-469F-40D7-9071-D0FD10738A3A}.Debug|Any CPU.Build.0 = Debug|Any CPU
		{673A68E6-469F-40D7-9071-D0FD10738A3A}.Release|Any CPU.ActiveCfg = Release|Any CPU
		{673A68E6-469F-40D7-9071-D0FD10738A3A}.Release|Any CPU.Build.0 = Release|Any CPU
	EndGlobalSection
	GlobalSection(SolutionProperties) = preSolution
		HideSolutionNode = FALSE
	EndGlobalSection
	GlobalSection(ExtensibilityGlobals) = postSolution
		SolutionGuid = {A8BDD3D3-92D0-491C-99B2-C485587B10C0}
	EndGlobalSection
EndGlobal
